
Microsoft Visual Studio Solution File, Format Version 12.00
# Visual Studio Version 17
VisualStudioVersion = 17.0.32014.148
MinimumVisualStudioVersion = 10.0.40219.1
Project("{FAE04EC0-301F-11D3-BF4B-00C04F79EFBC}") = "BibliotecaLeitura", "BibliotecaLeitura\BibliotecaLeitura.csproj", "{953A99A6-5814-4CEB-902E-48A9D4B3392F}"
EndProject
Global
	GlobalSection(SolutionConfigurationPlatforms) = preSolution
		Debug|Any CPU = Debug|Any CPU
		Release|Any CPU = Release|Any CPU
	EndGlobalSection
	GlobalSection(ProjectConfigurationPlatforms) = postSolution
		{953A99A6-5814-4CEB-902E-48A9D4B3392F}.Debug|Any CPU.ActiveCfg = Debug|Any CPU
		{953A99A6-5814-4CEB-902E-48A9D4B3392F}.Debug|Any CPU.Build.0 = Debug|Any CPU
		{953A99A6-5814-4CEB-902E-48A9D4B3392F}.Release|Any CPU.ActiveCfg = Release|Any CPU
		{953A99A6-5814-4CEB-902E-48A9D4B3392F}.Release|Any CPU.Build.0 = Release|Any CPU
	EndGlobalSection
	GlobalSection(SolutionProperties) = preSolution
		HideSolutionNode = FALSE
	EndGlobalSection
	GlobalSection(ExtensibilityGlobals) = postSolution
		SolutionGuid = {8F095B03-5989-4E09-8386-EA7BF5AF84B5}
	EndGlobalSection
EndGlobal
